
Microsoft Visual Studio Solution File, Format Version 12.00
# Visual Studio 14
VisualStudioVersion = 14.0.25420.1
MinimumVisualStudioVersion = 10.0.40219.1
Project("{FAE04EC0-301F-11D3-BF4B-00C04F79EFBC}") = "Logic", "Logic\Logic.csproj", "{6168047F-00C5-47D3-9402-1F0BCB29A146}"
EndProject
Project("{FAE04EC0-301F-11D3-BF4B-00C04F79EFBC}") = "Logic.Tests", "Logic.Tests\Logic.Tests.csproj", "{042C6685-F9B3-4693-A8AD-AC52D8316E5A}"
EndProject
Global
	GlobalSection(SolutionConfigurationPlatforms) = preSolution
		Debug|Any CPU = Debug|Any CPU
		Release|Any CPU = Release|Any CPU
	EndGlobalSection
	GlobalSection(ProjectConfigurationPlatforms) = postSolution
		{6168047F-00C5-47D3-9402-1F0BCB29A146}.Debug|Any CPU.ActiveCfg = Debug|Any CPU
		{6168047F-00C5-47D3-9402-1F0BCB29A146}.Debug|Any CPU.Build.0 = Debug|Any CPU
		{6168047F-00C5-47D3-9402-1F0BCB29A146}.Release|Any CPU.ActiveCfg = Release|Any CPU
		{6168047F-00C5-47D3-9402-1F0BCB29A146}.Release|Any CPU.Build.0 = Release|Any CPU
		{042C6685-F9B3-4693-A8AD-AC52D8316E5A}.Debug|Any CPU.ActiveCfg = Debug|Any CPU
		{042C6685-F9B3-4693-A8AD-AC52D8316E5A}.Debug|Any CPU.Build.0 = Debug|Any CPU
		{042C6685-F9B3-4693-A8AD-AC52D8316E5A}.Release|Any CPU.ActiveCfg = Release|Any CPU
		{042C6685-F9B3-4693-A8AD-AC52D8316E5A}.Release|Any CPU.Build.0 = Release|Any CPU
	EndGlobalSection
	GlobalSection(SolutionProperties) = preSolution
		HideSolutionNode = FALSE
	EndGlobalSection
EndGlobal
